
Microsoft Visual Studio Solution File, Format Version 12.00
# Visual Studio Version 16
VisualStudioVersion = 16.0.31424.327
MinimumVisualStudioVersion = 10.0.40219.1
Project("{FAE04EC0-301F-11D3-BF4B-00C04F79EFBC}") = "Codecademy C Sharp Conditionals", "Codecademy C Sharp Conditionals\Codecademy C Sharp Conditionals.csproj", "{F9D75310-593F-4F21-9408-A3F1702DD74C}"
EndProject
Global
	GlobalSection(SolutionConfigurationPlatforms) = preSolution
		Debug|Any CPU = Debug|Any CPU
		Release|Any CPU = Release|Any CPU
	EndGlobalSection
	GlobalSection(ProjectConfigurationPlatforms) = postSolution
		{F9D75310-593F-4F21-9408-A3F1702DD74C}.Debug|Any CPU.ActiveCfg = Debug|Any CPU
		{F9D75310-593F-4F21-9408-A3F1702DD74C}.Debug|Any CPU.Build.0 = Debug|Any CPU
		{F9D75310-593F-4F21-9408-A3F1702DD74C}.Release|Any CPU.ActiveCfg = Release|Any CPU
		{F9D75310-593F-4F21-9408-A3F1702DD74C}.Release|Any CPU.Build.0 = Release|Any CPU
	EndGlobalSection
	GlobalSection(SolutionProperties) = preSolution
		HideSolutionNode = FALSE
	EndGlobalSection
	GlobalSection(ExtensibilityGlobals) = postSolution
		SolutionGuid = {B30E17DB-4A58-4D6F-856C-F3703492F79A}
	EndGlobalSection
EndGlobal
