
Microsoft Visual Studio Solution File, Format Version 12.00
# Visual Studio Version 16
VisualStudioVersion = 16.0.31424.327
MinimumVisualStudioVersion = 10.0.40219.1
Project("{FAE04EC0-301F-11D3-BF4B-00C04F79EFBC}") = "Codecademy C Sharp Logic", "Codecademy C Sharp Logic\Codecademy C Sharp Logic.csproj", "{6EA456B9-D062-4FC3-A9D7-BC7826EF3DDA}"
EndProject
Global
	GlobalSection(SolutionConfigurationPlatforms) = preSolution
		Debug|Any CPU = Debug|Any CPU
		Release|Any CPU = Release|Any CPU
	EndGlobalSection
	GlobalSection(ProjectConfigurationPlatforms) = postSolution
		{6EA456B9-D062-4FC3-A9D7-BC7826EF3DDA}.Debug|Any CPU.ActiveCfg = Debug|Any CPU
		{6EA456B9-D062-4FC3-A9D7-BC7826EF3DDA}.Debug|Any CPU.Build.0 = Debug|Any CPU
		{6EA456B9-D062-4FC3-A9D7-BC7826EF3DDA}.Release|Any CPU.ActiveCfg = Release|Any CPU
		{6EA456B9-D062-4FC3-A9D7-BC7826EF3DDA}.Release|Any CPU.Build.0 = Release|Any CPU
	EndGlobalSection
	GlobalSection(SolutionProperties) = preSolution
		HideSolutionNode = FALSE
	EndGlobalSection
	GlobalSection(ExtensibilityGlobals) = postSolution
		SolutionGuid = {D706E05B-5237-4E6B-9382-664DDF2BA7ED}
	EndGlobalSection
EndGlobal
